
Microsoft Visual Studio Solution File, Format Version 12.00
# Visual Studio Version 16
VisualStudioVersion = 16.0.31220.234
MinimumVisualStudioVersion = 10.0.40219.1
Project("{9A19103F-16F7-4668-BE54-9A1E7A4F7556}") = "SPDataRepository.Api", "SPDataRepository.Api\SPDataRepository.Api.csproj", "{D1D95B94-27D4-4762-8ECC-1B9627299111}"
EndProject
Project("{FAE04EC0-301F-11D3-BF4B-00C04F79EFBC}") = "SPDataRepository.Domain", "SPDataRepository.Domain\SPDataRepository.Domain.csproj", "{3CA817BD-2536-4EFD-9169-0759860DAA2F}"
EndProject
Project("{FAE04EC0-301F-11D3-BF4B-00C04F79EFBC}") = "SPDataRepository.Domain.Logic", "SPDataRepository.Domain.Logic\SPDataRepository.Domain.Logic.csproj", "{5A1E7208-C81E-4309-A550-EE50EE1031D2}"
EndProject
Project("{FAE04EC0-301F-11D3-BF4B-00C04F79EFBC}") = "SPDataRepository.Data", "SPDataRepository.Data\SPDataRepository.Data.csproj", "{D6DFFC1D-8110-4390-B43F-BCA891EABB79}"
EndProject
Project("{FAE04EC0-301F-11D3-BF4B-00C04F79EFBC}") = "SPDataRepository.Domain.Dtos", "SPDataRepository.Domain.Dtos\SPDataRepository.Domain.Dtos.csproj", "{51683D8B-FAAA-4589-A4CA-7A09FB50A838}"
EndProject
Project("{2150E333-8FDC-42A3-9474-1A3956D46DE8}") = "Scripts", "Scripts", "{C3746C0E-D0B4-4108-B488-F8ADE3028DB7}"
	ProjectSection(SolutionItems) = preProject
		GetProducts Stored Procedure.sql = GetProducts Stored Procedure.sql
		GetProductsByBrandId Stored Procedure.sql = GetProductsByBrandId Stored Procedure.sql
	EndProjectSection
EndProject
Global
	GlobalSection(SolutionConfigurationPlatforms) = preSolution
		Debug|Any CPU = Debug|Any CPU
		Release|Any CPU = Release|Any CPU
	EndGlobalSection
	GlobalSection(ProjectConfigurationPlatforms) = postSolution
		{D1D95B94-27D4-4762-8ECC-1B9627299111}.Debug|Any CPU.ActiveCfg = Debug|Any CPU
		{D1D95B94-27D4-4762-8ECC-1B9627299111}.Debug|Any CPU.Build.0 = Debug|Any CPU
		{D1D95B94-27D4-4762-8ECC-1B9627299111}.Release|Any CPU.ActiveCfg = Release|Any CPU
		{D1D95B94-27D4-4762-8ECC-1B9627299111}.Release|Any CPU.Build.0 = Release|Any CPU
		{3CA817BD-2536-4EFD-9169-0759860DAA2F}.Debug|Any CPU.ActiveCfg = Debug|Any CPU
		{3CA817BD-2536-4EFD-9169-0759860DAA2F}.Debug|Any CPU.Build.0 = Debug|Any CPU
		{3CA817BD-2536-4EFD-9169-0759860DAA2F}.Release|Any CPU.ActiveCfg = Release|Any CPU
		{3CA817BD-2536-4EFD-9169-0759860DAA2F}.Release|Any CPU.Build.0 = Release|Any CPU
		{5A1E7208-C81E-4309-A550-EE50EE1031D2}.Debug|Any CPU.ActiveCfg = Debug|Any CPU
		{5A1E7208-C81E-4309-A550-EE50EE1031D2}.Debug|Any CPU.Build.0 = Debug|Any CPU
		{5A1E7208-C81E-4309-A550-EE50EE1031D2}.Release|Any CPU.ActiveCfg = Release|Any CPU
		{5A1E7208-C81E-4309-A550-EE50EE1031D2}.Release|Any CPU.Build.0 = Release|Any CPU
		{D6DFFC1D-8110-4390-B43F-BCA891EABB79}.Debug|Any CPU.ActiveCfg = Debug|Any CPU
		{D6DFFC1D-8110-4390-B43F-BCA891EABB79}.Debug|Any CPU.Build.0 = Debug|Any CPU
		{D6DFFC1D-8110-4390-B43F-BCA891EABB79}.Release|Any CPU.ActiveCfg = Release|Any CPU
		{D6DFFC1D-8110-4390-B43F-BCA891EABB79}.Release|Any CPU.Build.0 = Release|Any CPU
		{51683D8B-FAAA-4589-A4CA-7A09FB50A838}.Debug|Any CPU.ActiveCfg = Debug|Any CPU
		{51683D8B-FAAA-4589-A4CA-7A09FB50A838}.Debug|Any CPU.Build.0 = Debug|Any CPU
		{51683D8B-FAAA-4589-A4CA-7A09FB50A838}.Release|Any CPU.ActiveCfg = Release|Any CPU
		{51683D8B-FAAA-4589-A4CA-7A09FB50A838}.Release|Any CPU.Build.0 = Release|Any CPU
	EndGlobalSection
	GlobalSection(SolutionProperties) = preSolution
		HideSolutionNode = FALSE
	EndGlobalSection
	GlobalSection(ExtensibilityGlobals) = postSolution
		SolutionGuid = {D5C5E994-E066-4948-8C65-6E2C0001CEBC}
	EndGlobalSection
EndGlobal
